<Solution>
  <Project Path="LanyardAPI/LanyardAPI.csproj" />
  <Project Path="LanyardApp/LanyardApp.csproj" Id="f0bbe607-969f-48bc-9199-54ac5da0a9bc" />
  <Project Path="LanyardData/LanyardData.csproj" />
  <Project Path="LanyardTests/LanyardTests.csproj" Id="d6ad412a-ae34-45f8-8520-6f6af42a0c63" />
</Solution>
