Microsoft Visual Studio Solution File, Format Version 12.00
# Visual Studio Version 17
VisualStudioVersion = 17.5.2.0
MinimumVisualStudioVersion = 10.0.40219.1
Project("{2150E333-8FDC-42A3-9474-1A3956D46DE8}") = "LanyardServices", "LanyardServices", "{9EDF6066-4B96-3FF0-C924-BC81C3A1545E}"
EndProject
Project("{2150E333-8FDC-42A3-9474-1A3956D46DE8}") = "LanyardAPI", "LanyardAPI", "{74F9CCB3-176C-FE58-F99D-A5C5906A7FBA}"
EndProject
Project("{FAE04EC0-301F-11D3-BF4B-00C04F79EFBC}") = "Lanyard.Shared", "Lanyard.Shared\Lanyard.Shared.csproj", "{C2D1AA9C-747D-F470-416E-B5F68B35B4BC}"
EndProject
Project("{2150E333-8FDC-42A3-9474-1A3956D46DE8}") = "LanyardClient", "LanyardClient", "{73168453-44A0-DC69-A92B-DEC80AEC9A5B}"
EndProject
Project("{2150E333-8FDC-42A3-9474-1A3956D46DE8}") = "LanyardTests", "LanyardTests", "{C5F712CF-2041-AFEE-3AF2-0DADC736628C}"
EndProject
Project("{2150E333-8FDC-42A3-9474-1A3956D46DE8}") = "LanyardApp", "LanyardApp", "{84CF6C5E-510E-D053-CF11-CB3C3C5ED0F4}"
EndProject
Project("{2150E333-8FDC-42A3-9474-1A3956D46DE8}") = "LanyardData", "LanyardData", "{F8213F25-EBCD-C484-18E7-B480AB2A07BF}"
EndProject
Project("{FAE04EC0-301F-11D3-BF4B-00C04F79EFBC}") = "Lanyard.Application", "LanyardServices\Lanyard.Application.csproj", "{9F87EA9C-A8C7-8F92-26B2-1ED1A846134F}"
EndProject
Project("{FAE04EC0-301F-11D3-BF4B-00C04F79EFBC}") = "Lanyard.API", "LanyardAPI\Lanyard.API.csproj", "{1886C6BE-4B4D-EC87-5B4C-86FD640FE4E1}"
EndProject
Project("{FAE04EC0-301F-11D3-BF4B-00C04F79EFBC}") = "Lanyard.Client", "LanyardClient\Lanyard.Client.csproj", "{02783FD8-C39A-DA66-0396-FDDD9BB0BA38}"
EndProject
Project("{FAE04EC0-301F-11D3-BF4B-00C04F79EFBC}") = "Lanyard.Tests", "LanyardTests\Lanyard.Tests.csproj", "{60D1C757-2991-197C-7991-50684961DFF2}"
EndProject
Project("{FAE04EC0-301F-11D3-BF4B-00C04F79EFBC}") = "Lanyard.App", "LanyardApp\Lanyard.App.csproj", "{A4532AE2-2831-4738-DE69-47BECD510DBB}"
EndProject
Project("{FAE04EC0-301F-11D3-BF4B-00C04F79EFBC}") = "Lanyard.Infrastructure", "LanyardData\Lanyard.Infrastructure.csproj", "{D255AB8D-2498-8E1D-A38E-5B36032D1F45}"
EndProject
Global
	GlobalSection(SolutionConfigurationPlatforms) = preSolution
		Debug|Any CPU = Debug|Any CPU
		Release|Any CPU = Release|Any CPU
	EndGlobalSection
	GlobalSection(ProjectConfigurationPlatforms) = postSolution
		{C2D1AA9C-747D-F470-416E-B5F68B35B4BC}.Debug|Any CPU.ActiveCfg = Debug|Any CPU
		{C2D1AA9C-747D-F470-416E-B5F68B35B4BC}.Debug|Any CPU.Build.0 = Debug|Any CPU
		{C2D1AA9C-747D-F470-416E-B5F68B35B4BC}.Release|Any CPU.ActiveCfg = Release|Any CPU
		{C2D1AA9C-747D-F470-416E-B5F68B35B4BC}.Release|Any CPU.Build.0 = Release|Any CPU
		{9F87EA9C-A8C7-8F92-26B2-1ED1A846134F}.Debug|Any CPU.ActiveCfg = Debug|Any CPU
		{9F87EA9C-A8C7-8F92-26B2-1ED1A846134F}.Debug|Any CPU.Build.0 = Debug|Any CPU
		{9F87EA9C-A8C7-8F92-26B2-1ED1A846134F}.Release|Any CPU.ActiveCfg = Release|Any CPU
		{9F87EA9C-A8C7-8F92-26B2-1ED1A846134F}.Release|Any CPU.Build.0 = Release|Any CPU
		{1886C6BE-4B4D-EC87-5B4C-86FD640FE4E1}.Debug|Any CPU.ActiveCfg = Debug|Any CPU
		{1886C6BE-4B4D-EC87-5B4C-86FD640FE4E1}.Debug|Any CPU.Build.0 = Debug|Any CPU
		{1886C6BE-4B4D-EC87-5B4C-86FD640FE4E1}.Release|Any CPU.ActiveCfg = Release|Any CPU
		{1886C6BE-4B4D-EC87-5B4C-86FD640FE4E1}.Release|Any CPU.Build.0 = Release|Any CPU
		{02783FD8-C39A-DA66-0396-FDDD9BB0BA38}.Debug|Any CPU.ActiveCfg = Debug|Any CPU
		{02783FD8-C39A-DA66-0396-FDDD9BB0BA38}.Debug|Any CPU.Build.0 = Debug|Any CPU
		{02783FD8-C39A-DA66-0396-FDDD9BB0BA38}.Release|Any CPU.ActiveCfg = Release|Any CPU
		{02783FD8-C39A-DA66-0396-FDDD9BB0BA38}.Release|Any CPU.Build.0 = Release|Any CPU
		{60D1C757-2991-197C-7991-50684961DFF2}.Debug|Any CPU.ActiveCfg = Debug|Any CPU
		{60D1C757-2991-197C-7991-50684961DFF2}.Debug|Any CPU.Build.0 = Debug|Any CPU
		{60D1C757-2991-197C-7991-50684961DFF2}.Release|Any CPU.ActiveCfg = Release|Any CPU
		{60D1C757-2991-197C-7991-50684961DFF2}.Release|Any CPU.Build.0 = Release|Any CPU
		{A4532AE2-2831-4738-DE69-47BECD510DBB}.Debug|Any CPU.ActiveCfg = Debug|Any CPU
		{A4532AE2-2831-4738-DE69-47BECD510DBB}.Debug|Any CPU.Build.0 = Debug|Any CPU
		{A4532AE2-2831-4738-DE69-47BECD510DBB}.Release|Any CPU.ActiveCfg = Release|Any CPU
		{A4532AE2-2831-4738-DE69-47BECD510DBB}.Release|Any CPU.Build.0 = Release|Any CPU
		{D255AB8D-2498-8E1D-A38E-5B36032D1F45}.Debug|Any CPU.ActiveCfg = Debug|Any CPU
		{D255AB8D-2498-8E1D-A38E-5B36032D1F45}.Debug|Any CPU.Build.0 = Debug|Any CPU
		{D255AB8D-2498-8E1D-A38E-5B36032D1F45}.Release|Any CPU.ActiveCfg = Release|Any CPU
		{D255AB8D-2498-8E1D-A38E-5B36032D1F45}.Release|Any CPU.Build.0 = Release|Any CPU
	EndGlobalSection
	GlobalSection(SolutionProperties) = preSolution
		HideSolutionNode = FALSE
	EndGlobalSection
	GlobalSection(NestedProjects) = preSolution
		{9F87EA9C-A8C7-8F92-26B2-1ED1A846134F} = {9EDF6066-4B96-3FF0-C924-BC81C3A1545E}
		{1886C6BE-4B4D-EC87-5B4C-86FD640FE4E1} = {74F9CCB3-176C-FE58-F99D-A5C5906A7FBA}
		{02783FD8-C39A-DA66-0396-FDDD9BB0BA38} = {73168453-44A0-DC69-A92B-DEC80AEC9A5B}
		{60D1C757-2991-197C-7991-50684961DFF2} = {C5F712CF-2041-AFEE-3AF2-0DADC736628C}
		{A4532AE2-2831-4738-DE69-47BECD510DBB} = {84CF6C5E-510E-D053-CF11-CB3C3C5ED0F4}
		{D255AB8D-2498-8E1D-A38E-5B36032D1F45} = {F8213F25-EBCD-C484-18E7-B480AB2A07BF}
	EndGlobalSection
	GlobalSection(ExtensibilityGlobals) = postSolution
		SolutionGuid = {A273214C-02D3-4ED2-B9BF-434065FCC154}
	EndGlobalSection
EndGlobal
